// !$*UTF8*$!
{
	archiveVersion = 1;
	classes = {
	};
	objectVersion = 46;
	objects = {

/* Begin PBXBuildFile section */
		24DFE3CCAEB67708B2CCF037 /* libPods.a in Frameworks */ = {isa = PBXBuildFile; fileRef = B768064E80BFF983F540F79C /* libPods.a */; };
		FE216C871AFED7E900C3C3D0 /* Stores.swift in Sources */ = {isa = PBXBuildFile; fileRef = FE216C861AFED7E900C3C3D0 /* Stores.swift */; };
		FE216C911AFEDABA00C3C3D0 /* Evaluator.swift in Sources */ = {isa = PBXBuildFile; fileRef = FE216C8C1AFEDABA00C3C3D0 /* Evaluator.swift */; };
		FE216C921AFEDABA00C3C3D0 /* Getter.swift in Sources */ = {isa = PBXBuildFile; fileRef = FE216C8D1AFEDABA00C3C3D0 /* Getter.swift */; };
		FE216C931AFEDABA00C3C3D0 /* Immutable.swift in Sources */ = {isa = PBXBuildFile; fileRef = FE216C8E1AFEDABA00C3C3D0 /* Immutable.swift */; };
		FE216C941AFEDABA00C3C3D0 /* Reactor.swift in Sources */ = {isa = PBXBuildFile; fileRef = FE216C8F1AFEDABA00C3C3D0 /* Reactor.swift */; };
		FE216C951AFEDABA00C3C3D0 /* Store.swift in Sources */ = {isa = PBXBuildFile; fileRef = FE216C901AFEDABA00C3C3D0 /* Store.swift */; };
		FE216C981AFF19F900C3C3D0 /* Network.swift in Sources */ = {isa = PBXBuildFile; fileRef = FE216C971AFF19F900C3C3D0 /* Network.swift */; };
		FE216CA61AFF46FD00C3C3D0 /* dvd@2x.png in Resources */ = {isa = PBXBuildFile; fileRef = FE216CA41AFF46FD00C3C3D0 /* dvd@2x.png */; };
		FE216CA71AFF46FD00C3C3D0 /* boxoffice@2x.png in Resources */ = {isa = PBXBuildFile; fileRef = FE216CA51AFF46FD00C3C3D0 /* boxoffice@2x.png */; };
		FE216CAA1AFF47E900C3C3D0 /* dvd.png in Resources */ = {isa = PBXBuildFile; fileRef = FE216CA81AFF47E900C3C3D0 /* dvd.png */; };
		FE216CAB1AFF47E900C3C3D0 /* boxoffice.png in Resources */ = {isa = PBXBuildFile; fileRef = FE216CA91AFF47E900C3C3D0 /* boxoffice.png */; };
		FE216CAD1AFF4CCD00C3C3D0 /* DetailViewController.swift in Sources */ = {isa = PBXBuildFile; fileRef = FE216CAC1AFF4CCD00C3C3D0 /* DetailViewController.swift */; };
		FED4F77D1AF8614900699B89 /* AppDelegate.swift in Sources */ = {isa = PBXBuildFile; fileRef = FED4F77C1AF8614900699B89 /* AppDelegate.swift */; };
		FED4F77F1AF8614900699B89 /* ListViewController.swift in Sources */ = {isa = PBXBuildFile; fileRef = FED4F77E1AF8614900699B89 /* ListViewController.swift */; };
		FED4F7841AF8614900699B89 /* Main.storyboard in Resources */ = {isa = PBXBuildFile; fileRef = FED4F7821AF8614900699B89 /* Main.storyboard */; };
		FED4F7861AF8614900699B89 /* Images.xcassets in Resources */ = {isa = PBXBuildFile; fileRef = FED4F7851AF8614900699B89 /* Images.xcassets */; };
		FED4F7891AF8614900699B89 /* LaunchScreen.xib in Resources */ = {isa = PBXBuildFile; fileRef = FED4F7871AF8614900699B89 /* LaunchScreen.xib */; };
		FED4F7951AF8614900699B89 /* CodePathVinesTests.swift in Sources */ = {isa = PBXBuildFile; fileRef = FED4F7941AF8614900699B89 /* CodePathVinesTests.swift */; };
/* End PBXBuildFile section */

/* Begin PBXContainerItemProxy section */
		FED4F78F1AF8614900699B89 /* PBXContainerItemProxy */ = {
			isa = PBXContainerItemProxy;
			containerPortal = FED4F76F1AF8614800699B89 /* Project object */;
			proxyType = 1;
			remoteGlobalIDString = FED4F7761AF8614800699B89;
			remoteInfo = CodePathVines;
		};
/* End PBXContainerItemProxy section */

/* Begin PBXFileReference section */
		800770AE98A28A48F04C4B2D /* Pods.debug.xcconfig */ = {isa = PBXFileReference; includeInIndex = 1; lastKnownFileType = text.xcconfig; name = Pods.debug.xcconfig; path = "Pods/Target Support Files/Pods/Pods.debug.xcconfig"; sourceTree = "<group>"; };
		B768064E80BFF983F540F79C /* libPods.a */ = {isa = PBXFileReference; explicitFileType = archive.ar; includeInIndex = 0; path = libPods.a; sourceTree = BUILT_PRODUCTS_DIR; };
		F83F64B4851338A5EFDC7065 /* Pods.release.xcconfig */ = {isa = PBXFileReference; includeInIndex = 1; lastKnownFileType = text.xcconfig; name = Pods.release.xcconfig; path = "Pods/Target Support Files/Pods/Pods.release.xcconfig"; sourceTree = "<group>"; };
		FE216C861AFED7E900C3C3D0 /* Stores.swift */ = {isa = PBXFileReference; fileEncoding = 4; lastKnownFileType = sourcecode.swift; path = Stores.swift; sourceTree = "<group>"; };
		FE216C8C1AFEDABA00C3C3D0 /* Evaluator.swift */ = {isa = PBXFileReference; fileEncoding = 4; lastKnownFileType = sourcecode.swift; path = Evaluator.swift; sourceTree = "<group>"; };
		FE216C8D1AFEDABA00C3C3D0 /* Getter.swift */ = {isa = PBXFileReference; fileEncoding = 4; lastKnownFileType = sourcecode.swift; path = Getter.swift; sourceTree = "<group>"; };
		FE216C8E1AFEDABA00C3C3D0 /* Immutable.swift */ = {isa = PBXFileReference; fileEncoding = 4; lastKnownFileType = sourcecode.swift; path = Immutable.swift; sourceTree = "<group>"; };
		FE216C8F1AFEDABA00C3C3D0 /* Reactor.swift */ = {isa = PBXFileReference; fileEncoding = 4; lastKnownFileType = sourcecode.swift; path = Reactor.swift; sourceTree = "<group>"; };
		FE216C901AFEDABA00C3C3D0 /* Store.swift */ = {isa = PBXFileReference; fileEncoding = 4; lastKnownFileType = sourcecode.swift; path = Store.swift; sourceTree = "<group>"; };
		FE216C971AFF19F900C3C3D0 /* Network.swift */ = {isa = PBXFileReference; fileEncoding = 4; lastKnownFileType = sourcecode.swift; path = Network.swift; sourceTree = "<group>"; };
		FE216C991AFF1A2B00C3C3D0 /* CodePathVines-Bridging-Header.h */ = {isa = PBXFileReference; lastKnownFileType = sourcecode.c.h; path = "CodePathVines-Bridging-Header.h"; sourceTree = "<group>"; };
		FE216CA41AFF46FD00C3C3D0 /* dvd@2x.png */ = {isa = PBXFileReference; lastKnownFileType = image.png; path = "dvd@2x.png"; sourceTree = "<group>"; };
		FE216CA51AFF46FD00C3C3D0 /* boxoffice@2x.png */ = {isa = PBXFileReference; lastKnownFileType = image.png; path = "boxoffice@2x.png"; sourceTree = "<group>"; };
		FE216CA81AFF47E900C3C3D0 /* dvd.png */ = {isa = PBXFileReference; lastKnownFileType = image.png; path = dvd.png; sourceTree = "<group>"; };
		FE216CA91AFF47E900C3C3D0 /* boxoffice.png */ = {isa = PBXFileReference; lastKnownFileType = image.png; path = boxoffice.png; sourceTree = "<group>"; };
		FE216CAC1AFF4CCD00C3C3D0 /* DetailViewController.swift */ = {isa = PBXFileReference; fileEncoding = 4; lastKnownFileType = sourcecode.swift; path = DetailViewController.swift; sourceTree = "<group>"; };
		FED4F7771AF8614900699B89 /* CodePathVines.app */ = {isa = PBXFileReference; explicitFileType = wrapper.application; includeInIndex = 0; path = CodePathVines.app; sourceTree = BUILT_PRODUCTS_DIR; };
		FED4F77B1AF8614900699B89 /* Info.plist */ = {isa = PBXFileReference; lastKnownFileType = text.plist.xml; path = Info.plist; sourceTree = "<group>"; };
		FED4F77C1AF8614900699B89 /* AppDelegate.swift */ = {isa = PBXFileReference; lastKnownFileType = sourcecode.swift; path = AppDelegate.swift; sourceTree = "<group>"; };
		FED4F77E1AF8614900699B89 /* ListViewController.swift */ = {isa = PBXFileReference; explicitFileType = sourcecode.swift; path = ListViewController.swift; sourceTree = "<group>"; };
		FED4F7831AF8614900699B89 /* Base */ = {isa = PBXFileReference; lastKnownFileType = file.storyboard; name = Base; path = Base.lproj/Main.storyboard; sourceTree = "<group>"; };
		FED4F7851AF8614900699B89 /* Images.xcassets */ = {isa = PBXFileReference; lastKnownFileType = folder.assetcatalog; path = Images.xcassets; sourceTree = "<group>"; };
		FED4F7881AF8614900699B89 /* Base */ = {isa = PBXFileReference; lastKnownFileType = file.xib; name = Base; path = Base.lproj/LaunchScreen.xib; sourceTree = "<group>"; };
		FED4F78E1AF8614900699B89 /* CodePathVinesTests.xctest */ = {isa = PBXFileReference; explicitFileType = wrapper.cfbundle; includeInIndex = 0; path = CodePathVinesTests.xctest; sourceTree = BUILT_PRODUCTS_DIR; };
		FED4F7931AF8614900699B89 /* Info.plist */ = {isa = PBXFileReference; lastKnownFileType = text.plist.xml; path = Info.plist; sourceTree = "<group>"; };
		FED4F7941AF8614900699B89 /* CodePathVinesTests.swift */ = {isa = PBXFileReference; lastKnownFileType = sourcecode.swift; path = CodePathVinesTests.swift; sourceTree = "<group>"; };
/* End PBXFileReference section */

/* Begin PBXFrameworksBuildPhase section */
		FED4F7741AF8614800699B89 /* Frameworks */ = {
			isa = PBXFrameworksBuildPhase;
			buildActionMask = 2147483647;
			files = (
				24DFE3CCAEB67708B2CCF037 /* libPods.a in Frameworks */,
			);
			runOnlyForDeploymentPostprocessing = 0;
		};
		FED4F78B1AF8614900699B89 /* Frameworks */ = {
			isa = PBXFrameworksBuildPhase;
			buildActionMask = 2147483647;
			files = (
			);
			runOnlyForDeploymentPostprocessing = 0;
		};
/* End PBXFrameworksBuildPhase section */

/* Begin PBXGroup section */
		470A2ADDFC66F175A8219194 /* Pods */ = {
			isa = PBXGroup;
			children = (
				800770AE98A28A48F04C4B2D /* Pods.debug.xcconfig */,
				F83F64B4851338A5EFDC7065 /* Pods.release.xcconfig */,
			);
			name = Pods;
			sourceTree = "<group>";
		};
		912F3DC001EAAAD865B90B52 /* Frameworks */ = {
			isa = PBXGroup;
			children = (
				B768064E80BFF983F540F79C /* libPods.a */,
			);
			name = Frameworks;
			sourceTree = "<group>";
		};
		FE216C961AFEDADF00C3C3D0 /* Nuclear */ = {
			isa = PBXGroup;
			children = (
				FE216C8C1AFEDABA00C3C3D0 /* Evaluator.swift */,
				FE216C8D1AFEDABA00C3C3D0 /* Getter.swift */,
				FE216C8E1AFEDABA00C3C3D0 /* Immutable.swift */,
				FE216C8F1AFEDABA00C3C3D0 /* Reactor.swift */,
				FE216C901AFEDABA00C3C3D0 /* Store.swift */,
			);
			name = Nuclear;
			sourceTree = "<group>";
		};
		FED4F76E1AF8614800699B89 = {
			isa = PBXGroup;
			children = (
				FED4F7791AF8614900699B89 /* CodePathVines */,
				FED4F7911AF8614900699B89 /* CodePathVinesTests */,
				FED4F7781AF8614900699B89 /* Products */,
				470A2ADDFC66F175A8219194 /* Pods */,
				912F3DC001EAAAD865B90B52 /* Frameworks */,
			);
			sourceTree = "<group>";
		};
		FED4F7781AF8614900699B89 /* Products */ = {
			isa = PBXGroup;
			children = (
				FED4F7771AF8614900699B89 /* CodePathVines.app */,
				FED4F78E1AF8614900699B89 /* CodePathVinesTests.xctest */,
			);
			name = Products;
			sourceTree = "<group>";
		};
		FED4F7791AF8614900699B89 /* CodePathVines */ = {
			isa = PBXGroup;
			children = (
				FE216C961AFEDADF00C3C3D0 /* Nuclear */,
				FED4F77C1AF8614900699B89 /* AppDelegate.swift */,
				FED4F77E1AF8614900699B89 /* ListViewController.swift */,
				FE216CAC1AFF4CCD00C3C3D0 /* DetailViewController.swift */,
				FED4F7821AF8614900699B89 /* Main.storyboard */,
				FED4F7851AF8614900699B89 /* Images.xcassets */,
				FED4F7871AF8614900699B89 /* LaunchScreen.xib */,
				FED4F77A1AF8614900699B89 /* Supporting Files */,
				FE216C861AFED7E900C3C3D0 /* Stores.swift */,
				FE216C971AFF19F900C3C3D0 /* Network.swift */,
				FE216C991AFF1A2B00C3C3D0 /* CodePathVines-Bridging-Header.h */,
			);
			path = CodePathVines;
			sourceTree = "<group>";
		};
		FED4F77A1AF8614900699B89 /* Supporting Files */ = {
			isa = PBXGroup;
			children = (
				FE216CA81AFF47E900C3C3D0 /* dvd.png */,
				FE216CA91AFF47E900C3C3D0 /* boxoffice.png */,
				FE216CA41AFF46FD00C3C3D0 /* dvd@2x.png */,
				FE216CA51AFF46FD00C3C3D0 /* boxoffice@2x.png */,
				FED4F77B1AF8614900699B89 /* Info.plist */,
			);
			name = "Supporting Files";
			sourceTree = "<group>";
		};
		FED4F7911AF8614900699B89 /* CodePathVinesTests */ = {
			isa = PBXGroup;
			children = (
				FED4F7941AF8614900699B89 /* CodePathVinesTests.swift */,
				FED4F7921AF8614900699B89 /* Supporting Files */,
			);
			path = CodePathVinesTests;
			sourceTree = "<group>";
		};
		FED4F7921AF8614900699B89 /* Supporting Files */ = {
			isa = PBXGroup;
			children = (
				FED4F7931AF8614900699B89 /* Info.plist */,
			);
			name = "Supporting Files";
			sourceTree = "<group>";
		};
/* End PBXGroup section */

/* Begin PBXNativeTarget section */
		FED4F7761AF8614800699B89 /* CodePathVines */ = {
			isa = PBXNativeTarget;
			buildConfigurationList = FED4F7981AF8614900699B89 /* Build configuration list for PBXNativeTarget "CodePathVines" */;
			buildPhases = (
				7F8FBD980B14F0041D4462C3 /* Check Pods Manifest.lock */,
				FED4F7731AF8614800699B89 /* Sources */,
				FED4F7741AF8614800699B89 /* Frameworks */,
				FED4F7751AF8614800699B89 /* Resources */,
				0300B7C129D030773B04126D /* Copy Pods Resources */,
			);
			buildRules = (
			);
			dependencies = (
			);
			name = CodePathVines;
			productName = CodePathVines;
			productReference = FED4F7771AF8614900699B89 /* CodePathVines.app */;
			productType = "com.apple.product-type.application";
		};
		FED4F78D1AF8614900699B89 /* CodePathVinesTests */ = {
			isa = PBXNativeTarget;
			buildConfigurationList = FED4F79B1AF8614900699B89 /* Build configuration list for PBXNativeTarget "CodePathVinesTests" */;
			buildPhases = (
				FED4F78A1AF8614900699B89 /* Sources */,
				FED4F78B1AF8614900699B89 /* Frameworks */,
				FED4F78C1AF8614900699B89 /* Resources */,
			);
			buildRules = (
			);
			dependencies = (
				FED4F7901AF8614900699B89 /* PBXTargetDependency */,
			);
			name = CodePathVinesTests;
			productName = CodePathVinesTests;
			productReference = FED4F78E1AF8614900699B89 /* CodePathVinesTests.xctest */;
			productType = "com.apple.product-type.bundle.unit-test";
		};
/* End PBXNativeTarget section */

/* Begin PBXProject section */
		FED4F76F1AF8614800699B89 /* Project object */ = {
			isa = PBXProject;
			attributes = {
				LastUpgradeCheck = 0630;
				ORGANIZATIONNAME = "Josiah Gaskin";
				TargetAttributes = {
					FED4F7761AF8614800699B89 = {
						CreatedOnToolsVersion = 6.3.1;
					};
					FED4F78D1AF8614900699B89 = {
						CreatedOnToolsVersion = 6.3.1;
						TestTargetID = FED4F7761AF8614800699B89;
					};
				};
			};
			buildConfigurationList = FED4F7721AF8614800699B89 /* Build configuration list for PBXProject "CodePathVines" */;
			compatibilityVersion = "Xcode 3.2";
			developmentRegion = English;
			hasScannedForEncodings = 0;
			knownRegions = (
				en,
				Base,
			);
			mainGroup = FED4F76E1AF8614800699B89;
			productRefGroup = FED4F7781AF8614900699B89 /* Products */;
			projectDirPath = "";
			projectRoot = "";
			targets = (
				FED4F7761AF8614800699B89 /* CodePathVines */,
				FED4F78D1AF8614900699B89 /* CodePathVinesTests */,
			);
		};
/* End PBXProject section */

/* Begin PBXResourcesBuildPhase section */
		FED4F7751AF8614800699B89 /* Resources */ = {
			isa = PBXResourcesBuildPhase;
			buildActionMask = 2147483647;
			files = (
				FE216CA61AFF46FD00C3C3D0 /* dvd@2x.png in Resources */,
				FE216CAA1AFF47E900C3C3D0 /* dvd.png in Resources */,
				FED4F7841AF8614900699B89 /* Main.storyboard in Resources */,
				FED4F7891AF8614900699B89 /* LaunchScreen.xib in Resources */,
				FE216CA71AFF46FD00C3C3D0 /* boxoffice@2x.png in Resources */,
				FE216CAB1AFF47E900C3C3D0 /* boxoffice.png in Resources */,
				FED4F7861AF8614900699B89 /* Images.xcassets in Resources */,
			);
			runOnlyForDeploymentPostprocessing = 0;
		};
		FED4F78C1AF8614900699B89 /* Resources */ = {
			isa = PBXResourcesBuildPhase;
			buildActionMask = 2147483647;
			files = (
			);
			runOnlyForDeploymentPostprocessing = 0;
		};
/* End PBXResourcesBuildPhase section */

/* Begin PBXShellScriptBuildPhase section */
		0300B7C129D030773B04126D /* Copy Pods Resources */ = {
			isa = PBXShellScriptBuildPhase;
			buildActionMask = 2147483647;
			files = (
			);
			inputPaths = (
			);
			name = "Copy Pods Resources";
			outputPaths = (
			);
			runOnlyForDeploymentPostprocessing = 0;
			shellPath = /bin/sh;
			shellScript = "\"${SRCROOT}/Pods/Target Support Files/Pods/Pods-resources.sh\"\n";
			showEnvVarsInLog = 0;
		};
		7F8FBD980B14F0041D4462C3 /* Check Pods Manifest.lock */ = {
			isa = PBXShellScriptBuildPhase;
			buildActionMask = 2147483647;
			files = (
			);
			inputPaths = (
			);
			name = "Check Pods Manifest.lock";
			outputPaths = (
			);
			runOnlyForDeploymentPostprocessing = 0;
			shellPath = /bin/sh;
			shellScript = "diff \"${PODS_ROOT}/../Podfile.lock\" \"${PODS_ROOT}/Manifest.lock\" > /dev/null\nif [[ $? != 0 ]] ; then\n    cat << EOM\nerror: The sandbox is not in sync with the Podfile.lock. Run 'pod install' or update your CocoaPods installation.\nEOM\n    exit 1\nfi\n";
			showEnvVarsInLog = 0;
		};
/* End PBXShellScriptBuildPhase section */

/* Begin PBXSourcesBuildPhase section */
		FED4F7731AF8614800699B89 /* Sources */ = {
			isa = PBXSourcesBuildPhase;
			buildActionMask = 2147483647;
			files = (
				FE216C981AFF19F900C3C3D0 /* Network.swift in Sources */,
				FE216C941AFEDABA00C3C3D0 /* Reactor.swift in Sources */,
				FE216C911AFEDABA00C3C3D0 /* Evaluator.swift in Sources */,
				FE216C931AFEDABA00C3C3D0 /* Immutable.swift in Sources */,
				FE216C951AFEDABA00C3C3D0 /* Store.swift in Sources */,
				FED4F77D1AF8614900699B89 /* AppDelegate.swift in Sources */,
				FED4F77F1AF8614900699B89 /* ListViewController.swift in Sources */,
				FE216CAD1AFF4CCD00C3C3D0 /* DetailViewController.swift in Sources */,
				FE216C921AFEDABA00C3C3D0 /* Getter.swift in Sources */,
				FE216C871AFED7E900C3C3D0 /* Stores.swift in Sources */,
			);
			runOnlyForDeploymentPostprocessing = 0;
		};
		FED4F78A1AF8614900699B89 /* Sources */ = {
			isa = PBXSourcesBuildPhase;
			buildActionMask = 2147483647;
			files = (
				FED4F7951AF8614900699B89 /* CodePathVinesTests.swift in Sources */,
			);
			runOnlyForDeploymentPostprocessing = 0;
		};
/* End PBXSourcesBuildPhase section */

/* Begin PBXTargetDependency section */
		FED4F7901AF8614900699B89 /* PBXTargetDependency */ = {
			isa = PBXTargetDependency;
			target = FED4F7761AF8614800699B89 /* CodePathVines */;
			targetProxy = FED4F78F1AF8614900699B89 /* PBXContainerItemProxy */;
		};
/* End PBXTargetDependency section */

/* Begin PBXVariantGroup section */
		FED4F7821AF8614900699B89 /* Main.storyboard */ = {
			isa = PBXVariantGroup;
			children = (
				FED4F7831AF8614900699B89 /* Base */,
			);
			name = Main.storyboard;
			sourceTree = "<group>";
		};
		FED4F7871AF8614900699B89 /* LaunchScreen.xib */ = {
			isa = PBXVariantGroup;
			children = (
				FED4F7881AF8614900699B89 /* Base */,
			);
			name = LaunchScreen.xib;
			sourceTree = "<group>";
		};
/* End PBXVariantGroup section */

/* Begin XCBuildConfiguration section */
		FED4F7961AF8614900699B89 /* Debug */ = {
			isa = XCBuildConfiguration;
			buildSettings = {
				ALWAYS_SEARCH_USER_PATHS = NO;
				CLANG_CXX_LANGUAGE_STANDARD = "gnu++0x";
				CLANG_CXX_LIBRARY = "libc++";
				CLANG_ENABLE_MODULES = YES;
				CLANG_ENABLE_OBJC_ARC = YES;
				CLANG_WARN_BOOL_CONVERSION = YES;
				CLANG_WARN_CONSTANT_CONVERSION = YES;
				CLANG_WARN_DIRECT_OBJC_ISA_USAGE = YES_ERROR;
				CLANG_WARN_EMPTY_BODY = YES;
				CLANG_WARN_ENUM_CONVERSION = YES;
				CLANG_WARN_INT_CONVERSION = YES;
				CLANG_WARN_OBJC_ROOT_CLASS = YES_ERROR;
				CLANG_WARN_UNREACHABLE_CODE = YES;
				CLANG_WARN__DUPLICATE_METHOD_MATCH = YES;
				"CODE_SIGN_IDENTITY[sdk=iphoneos*]" = "iPhone Developer";
				COPY_PHASE_STRIP = NO;
				DEBUG_INFORMATION_FORMAT = "dwarf-with-dsym";
				ENABLE_STRICT_OBJC_MSGSEND = YES;
				GCC_C_LANGUAGE_STANDARD = gnu99;
				GCC_DYNAMIC_NO_PIC = NO;
				GCC_NO_COMMON_BLOCKS = YES;
				GCC_OPTIMIZATION_LEVEL = 0;
				GCC_PREPROCESSOR_DEFINITIONS = (
					"DEBUG=1",
					"$(inherited)",
				);
				GCC_SYMBOLS_PRIVATE_EXTERN = NO;
				GCC_WARN_64_TO_32_BIT_CONVERSION = YES;
				GCC_WARN_ABOUT_RETURN_TYPE = YES_ERROR;
				GCC_WARN_UNDECLARED_SELECTOR = YES;
				GCC_WARN_UNINITIALIZED_AUTOS = YES_AGGRESSIVE;
				GCC_WARN_UNUSED_FUNCTION = YES;
				GCC_WARN_UNUSED_VARIABLE = YES;
				IPHONEOS_DEPLOYMENT_TARGET = 8.3;
				MTL_ENABLE_DEBUG_INFO = YES;
				ONLY_ACTIVE_ARCH = YES;
				SDKROOT = iphoneos;
				SWIFT_OPTIMIZATION_LEVEL = "-Onone";
			};
			name = Debug;
		};
		FED4F7971AF8614900699B89 /* Release */ = {
			isa = XCBuildConfiguration;
			buildSettings = {
				ALWAYS_SEARCH_USER_PATHS = NO;
				CLANG_CXX_LANGUAGE_STANDARD = "gnu++0x";
				CLANG_CXX_LIBRARY = "libc++";
				CLANG_ENABLE_MODULES = YES;
				CLANG_ENABLE_OBJC_ARC = YES;
				CLANG_WARN_BOOL_CONVERSION = YES;
				CLANG_WARN_CONSTANT_CONVERSION = YES;
				CLANG_WARN_DIRECT_OBJC_ISA_USAGE = YES_ERROR;
				CLANG_WARN_EMPTY_BODY = YES;
				CLANG_WARN_ENUM_CONVERSION = YES;
				CLANG_WARN_INT_CONVERSION = YES;
				CLANG_WARN_OBJC_ROOT_CLASS = YES_ERROR;
				CLANG_WARN_UNREACHABLE_CODE = YES;
				CLANG_WARN__DUPLICATE_METHOD_MATCH = YES;
				"CODE_SIGN_IDENTITY[sdk=iphoneos*]" = "iPhone Developer";
				COPY_PHASE_STRIP = NO;
				DEBUG_INFORMATION_FORMAT = "dwarf-with-dsym";
				ENABLE_NS_ASSERTIONS = NO;
				ENABLE_STRICT_OBJC_MSGSEND = YES;
				GCC_C_LANGUAGE_STANDARD = gnu99;
				GCC_NO_COMMON_BLOCKS = YES;
				GCC_WARN_64_TO_32_BIT_CONVERSION = YES;
				GCC_WARN_ABOUT_RETURN_TYPE = YES_ERROR;
				GCC_WARN_UNDECLARED_SELECTOR = YES;
				GCC_WARN_UNINITIALIZED_AUTOS = YES_AGGRESSIVE;
				GCC_WARN_UNUSED_FUNCTION = YES;
				GCC_WARN_UNUSED_VARIABLE = YES;
				IPHONEOS_DEPLOYMENT_TARGET = 8.3;
				MTL_ENABLE_DEBUG_INFO = NO;
				SDKROOT = iphoneos;
				VALIDATE_PRODUCT = YES;
			};
			name = Release;
		};
		FED4F7991AF8614900699B89 /* Debug */ = {
			isa = XCBuildConfiguration;
			baseConfigurationReference = 800770AE98A28A48F04C4B2D /* Pods.debug.xcconfig */;
			buildSettings = {
				ASSETCATALOG_COMPILER_APPICON_NAME = AppIcon;
				CLANG_ENABLE_MODULES = YES;
				CODE_SIGN_IDENTITY = "iPhone Developer";
				"CODE_SIGN_IDENTITY[sdk=iphoneos*]" = "";
				INFOPLIST_FILE = CodePathVines/Info.plist;
				LD_RUNPATH_SEARCH_PATHS = "$(inherited) @executable_path/Frameworks";
				PRODUCT_NAME = "$(TARGET_NAME)";
				SWIFT_OBJC_BRIDGING_HEADER = "CodePathVines/CodePathVines-Bridging-Header.h";
				SWIFT_OPTIMIZATION_LEVEL = "-Onone";
				USER_HEADER_SEARCH_PATHS = "";
			};
			name = Debug;
		};
		FED4F79A1AF8614900699B89 /* Release */ = {
			isa = XCBuildConfiguration;
			baseConfigurationReference = F83F64B4851338A5EFDC7065 /* Pods.release.xcconfig */;
			buildSettings = {
				ASSETCATALOG_COMPILER_APPICON_NAME = AppIcon;
				CLANG_ENABLE_MODULES = YES;
				CODE_SIGN_IDENTITY = "iPhone Developer";
				"CODE_SIGN_IDENTITY[sdk=iphoneos*]" = "";
				INFOPLIST_FILE = CodePathVines/Info.plist;
				LD_RUNPATH_SEARCH_PATHS = "$(inherited) @executable_path/Frameworks";
				PRODUCT_NAME = "$(TARGET_NAME)";
				SWIFT_OBJC_BRIDGING_HEADER = "CodePathVines/CodePathVines-Bridging-Header.h";
				USER_HEADER_SEARCH_PATHS = "";
			};
			name = Release;
		};
		FED4F79C1AF8614900699B89 /* Debug */ = {
			isa = XCBuildConfiguration;
			buildSettings = {
				BUNDLE_LOADER = "$(TEST_HOST)";
				FRAMEWORK_SEARCH_PATHS = (
					"$(SDKROOT)/Developer/Library/Frameworks",
					"$(inherited)",
				);
				GCC_PREPROCESSOR_DEFINITIONS = (
					"DEBUG=1",
					"$(inherited)",
				);
				INFOPLIST_FILE = CodePathVinesTests/Info.plist;
				LD_RUNPATH_SEARCH_PATHS = "$(inherited) @executable_path/Frameworks @loader_path/Frameworks";
				PRODUCT_NAME = "$(TARGET_NAME)";
				TEST_HOST = "$(BUILT_PRODUCTS_DIR)/CodePathVines.app/CodePathVines";
			};
			name = Debug;
		};
		FED4F79D1AF8614900699B89 /* Release */ = {
			isa = XCBuildConfiguration;
			buildSettings = {
				BUNDLE_LOADER = "$(TEST_HOST)";
				FRAMEWORK_SEARCH_PATHS = (
					"$(SDKROOT)/Developer/Library/Frameworks",
					"$(inherited)",
				);
				INFOPLIST_FILE = CodePathVinesTests/Info.plist;
				LD_RUNPATH_SEARCH_PATHS = "$(inherited) @executable_path/Frameworks @loader_path/Frameworks";
				PRODUCT_NAME = "$(TARGET_NAME)";
				TEST_HOST = "$(BUILT_PRODUCTS_DIR)/CodePathVines.app/CodePathVines";
			};
			name = Release;
		};
/* End XCBuildConfiguration section */

/* Begin XCConfigurationList section */
		FED4F7721AF8614800699B89 /* Build configuration list for PBXProject "CodePathVines" */ = {
			isa = XCConfigurationList;
			buildConfigurations = (
				FED4F7961AF8614900699B89 /* Debug */,
				FED4F7971AF8614900699B89 /* Release */,
			);
			defaultConfigurationIsVisible = 0;
			defaultConfigurationName = Release;
		};
		FED4F7981AF8614900699B89 /* Build configuration list for PBXNativeTarget "CodePathVines" */ = {
			isa = XCConfigurationList;
			buildConfigurations = (
				FED4F7991AF8614900699B89 /* Debug */,
				FED4F79A1AF8614900699B89 /* Release */,
			);
			defaultConfigurationIsVisible = 0;
			defaultConfigurationName = Release;
		};
		FED4F79B1AF8614900699B89 /* Build configuration list for PBXNativeTarget "CodePathVinesTests" */ = {
			isa = XCConfigurationList;
			buildConfigurations = (
				FED4F79C1AF8614900699B89 /* Debug */,
				FED4F79D1AF8614900699B89 /* Release */,
			);
			defaultConfigurationIsVisible = 0;
			defaultConfigurationName = Release;
		};
/* End XCConfigurationList section */
	};
	rootObject = FED4F76F1AF8614800699B89 /* Project object */;
}
